
Microsoft Visual Studio Solution File, Format Version 12.00
# Visual Studio Version 17
VisualStudioVersion = 17.7.34024.191
MinimumVisualStudioVersion = 10.0.40219.1
Project("{FAE04EC0-301F-11D3-BF4B-00C04F79EFBC}") = "Practica1Unidad2", "Practica1Unidad2\Practica1Unidad2.csproj", "{2F18474A-AA34-4CC9-AC42-7F8AEE8B100F}"
EndProject
Global
	GlobalSection(SolutionConfigurationPlatforms) = preSolution
		Debug|Any CPU = Debug|Any CPU
		Release|Any CPU = Release|Any CPU
	EndGlobalSection
	GlobalSection(ProjectConfigurationPlatforms) = postSolution
		{2F18474A-AA34-4CC9-AC42-7F8AEE8B100F}.Debug|Any CPU.ActiveCfg = Debug|Any CPU
		{2F18474A-AA34-4CC9-AC42-7F8AEE8B100F}.Debug|Any CPU.Build.0 = Debug|Any CPU
		{2F18474A-AA34-4CC9-AC42-7F8AEE8B100F}.Release|Any CPU.ActiveCfg = Release|Any CPU
		{2F18474A-AA34-4CC9-AC42-7F8AEE8B100F}.Release|Any CPU.Build.0 = Release|Any CPU
	EndGlobalSection
	GlobalSection(SolutionProperties) = preSolution
		HideSolutionNode = FALSE
	EndGlobalSection
	GlobalSection(ExtensibilityGlobals) = postSolution
		SolutionGuid = {FE53B40E-FDDD-48BC-B99A-8F92B8671A09}
	EndGlobalSection
EndGlobal
